
Microsoft Visual Studio Solution File, Format Version 12.00
# Visual Studio Version 17
VisualStudioVersion = 17.8.34309.116
MinimumVisualStudioVersion = 10.0.40219.1
Project("{FAE04EC0-301F-11D3-BF4B-00C04F79EFBC}") = "WeatherApp.Api", "WeatherApp.Api\WeatherApp.Api.csproj", "{CD44B172-1775-4171-9CC2-63766040451C}"
EndProject
Global
	GlobalSection(SolutionConfigurationPlatforms) = preSolution
		Debug|Any CPU = Debug|Any CPU
		Release|Any CPU = Release|Any CPU
	EndGlobalSection
	GlobalSection(ProjectConfigurationPlatforms) = postSolution
		{CD44B172-1775-4171-9CC2-63766040451C}.Debug|Any CPU.ActiveCfg = Debug|Any CPU
		{CD44B172-1775-4171-9CC2-63766040451C}.Debug|Any CPU.Build.0 = Debug|Any CPU
		{CD44B172-1775-4171-9CC2-63766040451C}.Release|Any CPU.ActiveCfg = Release|Any CPU
		{CD44B172-1775-4171-9CC2-63766040451C}.Release|Any CPU.Build.0 = Release|Any CPU
	EndGlobalSection
	GlobalSection(SolutionProperties) = preSolution
		HideSolutionNode = FALSE
	EndGlobalSection
	GlobalSection(ExtensibilityGlobals) = postSolution
		SolutionGuid = {9FC0C285-329C-44B7-96A2-1548B8E380FA}
	EndGlobalSection
EndGlobal
